
Microsoft Visual Studio Solution File, Format Version 12.00
# Visual Studio Version 17
VisualStudioVersion = 17.14.36429.23
MinimumVisualStudioVersion = 10.0.40219.1
Project("{FAE04EC0-301F-11D3-BF4B-00C04F79EFBC}") = "Clean", "Clean\Clean.csproj", "{C634D0D6-E969-4DEB-92B9-0DECFEC5B884}"
EndProject
Project("{FAE04EC0-301F-11D3-BF4B-00C04F79EFBC}") = "UnitTestProject1", "UnitTestProject1\UnitTestProject1.csproj", "{3E283F84-8262-4E92-B2B2-32933CAF134D}"
EndProject
Global
	GlobalSection(SolutionConfigurationPlatforms) = preSolution
		Debug|Any CPU = Debug|Any CPU
		Release|Any CPU = Release|Any CPU
	EndGlobalSection
	GlobalSection(ProjectConfigurationPlatforms) = postSolution
		{C634D0D6-E969-4DEB-92B9-0DECFEC5B884}.Debug|Any CPU.ActiveCfg = Debug|Any CPU
		{C634D0D6-E969-4DEB-92B9-0DECFEC5B884}.Debug|Any CPU.Build.0 = Debug|Any CPU
		{C634D0D6-E969-4DEB-92B9-0DECFEC5B884}.Release|Any CPU.ActiveCfg = Release|Any CPU
		{C634D0D6-E969-4DEB-92B9-0DECFEC5B884}.Release|Any CPU.Build.0 = Release|Any CPU
		{3E283F84-8262-4E92-B2B2-32933CAF134D}.Debug|Any CPU.ActiveCfg = Debug|Any CPU
		{3E283F84-8262-4E92-B2B2-32933CAF134D}.Debug|Any CPU.Build.0 = Debug|Any CPU
		{3E283F84-8262-4E92-B2B2-32933CAF134D}.Release|Any CPU.ActiveCfg = Release|Any CPU
		{3E283F84-8262-4E92-B2B2-32933CAF134D}.Release|Any CPU.Build.0 = Release|Any CPU
	EndGlobalSection
	GlobalSection(SolutionProperties) = preSolution
		HideSolutionNode = FALSE
	EndGlobalSection
	GlobalSection(ExtensibilityGlobals) = postSolution
		SolutionGuid = {6DC4FC2F-7C6F-4554-8A29-CCA8F873CA23}
	EndGlobalSection
EndGlobal
